
Microsoft Visual Studio Solution File, Format Version 12.00
# Visual Studio Version 18
VisualStudioVersion = 18.1.11312.151 d18.0
MinimumVisualStudioVersion = 10.0.40219.1
Project("{FAE04EC0-301F-11D3-BF4B-00C04F79EFBC}") = "DisableMusicDistortion", "DisableMusicDistortion\DisableMusicDistortion.csproj", "{F9D2B153-8DA6-4F5F-BF73-865202A2FE90}"
EndProject
Project("{FAE04EC0-301F-11D3-BF4B-00C04F79EFBC}") = "MoreUpscalingOptions", "MoreUpscalingOptions\MoreUpscalingOptions.csproj", "{C7892BCF-97F1-453D-8720-CCE14C394EF2}"
EndProject
Project("{FAE04EC0-301F-11D3-BF4B-00C04F79EFBC}") = "HighSpeedFovLimit", "HighSpeedFovLimit\HighSpeedFovLimit.csproj", "{E47813CE-D62E-48B0-9246-1A58B3481E8A}"
EndProject
Project("{FAE04EC0-301F-11D3-BF4B-00C04F79EFBC}") = "PauseMusicOnMinimize", "PauseMusicOnMinimize\PauseMusicOnMinimize.csproj", "{7E4C65DD-0828-4CA8-9D38-8986F2F84166}"
EndProject
Project("{FAE04EC0-301F-11D3-BF4B-00C04F79EFBC}") = "NoRainbowShoes", "NoRainbowShoes\NoRainbowShoes.csproj", "{BB725BB8-C180-4BF6-A58C-A1EA821D3D3B}"
EndProject
Project("{FAE04EC0-301F-11D3-BF4B-00C04F79EFBC}") = "AutoSave", "AutoSave\AutoSave.csproj", "{5D885CC9-31F9-4FD9-92A3-A8AE3E13B922}"
EndProject
Project("{FAE04EC0-301F-11D3-BF4B-00C04F79EFBC}") = "FramerateLimiter", "FramerateLimiter\FramerateLimiter.csproj", "{62961CFB-8064-4796-8AB6-CD398B374207}"
EndProject
Global
	GlobalSection(SolutionConfigurationPlatforms) = preSolution
		Debug|Any CPU = Debug|Any CPU
		Release|Any CPU = Release|Any CPU
	EndGlobalSection
	GlobalSection(ProjectConfigurationPlatforms) = postSolution
		{F9D2B153-8DA6-4F5F-BF73-865202A2FE90}.Debug|Any CPU.ActiveCfg = Debug|Any CPU
		{F9D2B153-8DA6-4F5F-BF73-865202A2FE90}.Debug|Any CPU.Build.0 = Debug|Any CPU
		{F9D2B153-8DA6-4F5F-BF73-865202A2FE90}.Release|Any CPU.ActiveCfg = Release|Any CPU
		{F9D2B153-8DA6-4F5F-BF73-865202A2FE90}.Release|Any CPU.Build.0 = Release|Any CPU
		{C7892BCF-97F1-453D-8720-CCE14C394EF2}.Debug|Any CPU.ActiveCfg = Debug|Any CPU
		{C7892BCF-97F1-453D-8720-CCE14C394EF2}.Debug|Any CPU.Build.0 = Debug|Any CPU
		{C7892BCF-97F1-453D-8720-CCE14C394EF2}.Release|Any CPU.ActiveCfg = Release|Any CPU
		{C7892BCF-97F1-453D-8720-CCE14C394EF2}.Release|Any CPU.Build.0 = Release|Any CPU
		{E47813CE-D62E-48B0-9246-1A58B3481E8A}.Debug|Any CPU.ActiveCfg = Debug|Any CPU
		{E47813CE-D62E-48B0-9246-1A58B3481E8A}.Debug|Any CPU.Build.0 = Debug|Any CPU
		{E47813CE-D62E-48B0-9246-1A58B3481E8A}.Release|Any CPU.ActiveCfg = Release|Any CPU
		{E47813CE-D62E-48B0-9246-1A58B3481E8A}.Release|Any CPU.Build.0 = Release|Any CPU
		{7E4C65DD-0828-4CA8-9D38-8986F2F84166}.Debug|Any CPU.ActiveCfg = Debug|Any CPU
		{7E4C65DD-0828-4CA8-9D38-8986F2F84166}.Debug|Any CPU.Build.0 = Debug|Any CPU
		{7E4C65DD-0828-4CA8-9D38-8986F2F84166}.Release|Any CPU.ActiveCfg = Release|Any CPU
		{7E4C65DD-0828-4CA8-9D38-8986F2F84166}.Release|Any CPU.Build.0 = Release|Any CPU
		{BB725BB8-C180-4BF6-A58C-A1EA821D3D3B}.Debug|Any CPU.ActiveCfg = Debug|Any CPU
		{BB725BB8-C180-4BF6-A58C-A1EA821D3D3B}.Debug|Any CPU.Build.0 = Debug|Any CPU
		{BB725BB8-C180-4BF6-A58C-A1EA821D3D3B}.Release|Any CPU.ActiveCfg = Release|Any CPU
		{BB725BB8-C180-4BF6-A58C-A1EA821D3D3B}.Release|Any CPU.Build.0 = Release|Any CPU
		{5D885CC9-31F9-4FD9-92A3-A8AE3E13B922}.Debug|Any CPU.ActiveCfg = Debug|Any CPU
		{5D885CC9-31F9-4FD9-92A3-A8AE3E13B922}.Debug|Any CPU.Build.0 = Debug|Any CPU
		{5D885CC9-31F9-4FD9-92A3-A8AE3E13B922}.Release|Any CPU.ActiveCfg = Release|Any CPU
		{5D885CC9-31F9-4FD9-92A3-A8AE3E13B922}.Release|Any CPU.Build.0 = Release|Any CPU
		{62961CFB-8064-4796-8AB6-CD398B374207}.Debug|Any CPU.ActiveCfg = Debug|Any CPU
		{62961CFB-8064-4796-8AB6-CD398B374207}.Debug|Any CPU.Build.0 = Debug|Any CPU
		{62961CFB-8064-4796-8AB6-CD398B374207}.Release|Any CPU.ActiveCfg = Release|Any CPU
		{62961CFB-8064-4796-8AB6-CD398B374207}.Release|Any CPU.Build.0 = Release|Any CPU
	EndGlobalSection
	GlobalSection(SolutionProperties) = preSolution
		HideSolutionNode = FALSE
	EndGlobalSection
	GlobalSection(ExtensibilityGlobals) = postSolution
		SolutionGuid = {13B9DF3F-53C6-41C0-92B9-B16ABDF11633}
	EndGlobalSection
EndGlobal
